
Microsoft Visual Studio Solution File, Format Version 12.00
# Visual Studio Version 16
VisualStudioVersion = 16.0.31515.178
MinimumVisualStudioVersion = 10.0.40219.1
Project("{9A19103F-16F7-4668-BE54-9A1E7A4F7556}") = "Nhom11.QLQC", "Nhom11.QLQC\Nhom11.QLQC.csproj", "{C3E108BF-240A-44F5-A0BE-DC8E08E5727A}"
EndProject
Project("{9A19103F-16F7-4668-BE54-9A1E7A4F7556}") = "QLQC.DTO", "QLQC.DTO\QLQC.DTO.csproj", "{2EBE1CA2-C966-406F-8168-D64165F08D98}"
EndProject
Project("{9A19103F-16F7-4668-BE54-9A1E7A4F7556}") = "QLQC.DAL", "QLQC.DAL\QLQC.DAL.csproj", "{DB1B6962-80A8-4B8D-9A35-BE1A9CAF1F75}"
EndProject
Project("{9A19103F-16F7-4668-BE54-9A1E7A4F7556}") = "QLQC.BLL", "QLQC.BLL\QLQC.BLL.csproj", "{2BA6D9E7-0A83-434C-98A5-DBB382EE7C4E}"
EndProject
Global
	GlobalSection(SolutionConfigurationPlatforms) = preSolution
		Debug|Any CPU = Debug|Any CPU
		Release|Any CPU = Release|Any CPU
	EndGlobalSection
	GlobalSection(ProjectConfigurationPlatforms) = postSolution
		{C3E108BF-240A-44F5-A0BE-DC8E08E5727A}.Debug|Any CPU.ActiveCfg = Debug|Any CPU
		{C3E108BF-240A-44F5-A0BE-DC8E08E5727A}.Debug|Any CPU.Build.0 = Debug|Any CPU
		{C3E108BF-240A-44F5-A0BE-DC8E08E5727A}.Release|Any CPU.ActiveCfg = Release|Any CPU
		{C3E108BF-240A-44F5-A0BE-DC8E08E5727A}.Release|Any CPU.Build.0 = Release|Any CPU
		{2EBE1CA2-C966-406F-8168-D64165F08D98}.Debug|Any CPU.ActiveCfg = Debug|Any CPU
		{2EBE1CA2-C966-406F-8168-D64165F08D98}.Debug|Any CPU.Build.0 = Debug|Any CPU
		{2EBE1CA2-C966-406F-8168-D64165F08D98}.Release|Any CPU.ActiveCfg = Release|Any CPU
		{2EBE1CA2-C966-406F-8168-D64165F08D98}.Release|Any CPU.Build.0 = Release|Any CPU
		{DB1B6962-80A8-4B8D-9A35-BE1A9CAF1F75}.Debug|Any CPU.ActiveCfg = Debug|Any CPU
		{DB1B6962-80A8-4B8D-9A35-BE1A9CAF1F75}.Debug|Any CPU.Build.0 = Debug|Any CPU
		{DB1B6962-80A8-4B8D-9A35-BE1A9CAF1F75}.Release|Any CPU.ActiveCfg = Release|Any CPU
		{DB1B6962-80A8-4B8D-9A35-BE1A9CAF1F75}.Release|Any CPU.Build.0 = Release|Any CPU
		{2BA6D9E7-0A83-434C-98A5-DBB382EE7C4E}.Debug|Any CPU.ActiveCfg = Debug|Any CPU
		{2BA6D9E7-0A83-434C-98A5-DBB382EE7C4E}.Debug|Any CPU.Build.0 = Debug|Any CPU
		{2BA6D9E7-0A83-434C-98A5-DBB382EE7C4E}.Release|Any CPU.ActiveCfg = Release|Any CPU
		{2BA6D9E7-0A83-434C-98A5-DBB382EE7C4E}.Release|Any CPU.Build.0 = Release|Any CPU
	EndGlobalSection
	GlobalSection(SolutionProperties) = preSolution
		HideSolutionNode = FALSE
	EndGlobalSection
	GlobalSection(ExtensibilityGlobals) = postSolution
		SolutionGuid = {47AAA33C-65E3-4D15-B41A-84ACE07FC2FB}
	EndGlobalSection
EndGlobal
